
Microsoft Visual Studio Solution File, Format Version 12.00
# Visual Studio Version 17
VisualStudioVersion = 17.6.33723.286
MinimumVisualStudioVersion = 10.0.40219.1
Project("{8BC9CEB8-8B4A-11D0-8D11-00A0C91BC942}") = "SampleDxLib_08", "SampleDxLib_08.vcxproj", "{339B8C7A-62F4-45D3-A069-50DB4E35C48D}"
EndProject
Global
	GlobalSection(SolutionConfigurationPlatforms) = preSolution
		Debug|x64 = Debug|x64
		Debug|x86 = Debug|x86
		Release|x64 = Release|x64
		Release|x86 = Release|x86
	EndGlobalSection
	GlobalSection(ProjectConfigurationPlatforms) = postSolution
		{339B8C7A-62F4-45D3-A069-50DB4E35C48D}.Debug|x64.ActiveCfg = Debug|x64
		{339B8C7A-62F4-45D3-A069-50DB4E35C48D}.Debug|x64.Build.0 = Debug|x64
		{339B8C7A-62F4-45D3-A069-50DB4E35C48D}.Debug|x86.ActiveCfg = Debug|Win32
		{339B8C7A-62F4-45D3-A069-50DB4E35C48D}.Debug|x86.Build.0 = Debug|Win32
		{339B8C7A-62F4-45D3-A069-50DB4E35C48D}.Release|x64.ActiveCfg = Release|x64
		{339B8C7A-62F4-45D3-A069-50DB4E35C48D}.Release|x64.Build.0 = Release|x64
		{339B8C7A-62F4-45D3-A069-50DB4E35C48D}.Release|x86.ActiveCfg = Release|Win32
		{339B8C7A-62F4-45D3-A069-50DB4E35C48D}.Release|x86.Build.0 = Release|Win32
	EndGlobalSection
	GlobalSection(SolutionProperties) = preSolution
		HideSolutionNode = FALSE
	EndGlobalSection
	GlobalSection(ExtensibilityGlobals) = postSolution
		SolutionGuid = {6090C6C9-2524-4781-AB4F-7B0E9EDB5D3E}
	EndGlobalSection
EndGlobal
